
Microsoft Visual Studio Solution File, Format Version 12.00
# Visual Studio Version 17
VisualStudioVersion = 17.4.33213.308
MinimumVisualStudioVersion = 10.0.40219.1
Project("{FAE04EC0-301F-11D3-BF4B-00C04F79EFBC}") = "Week3IfAndSwitch", "Week3IfAndSwitch\Week3IfAndSwitch.csproj", "{61CD6950-094E-48BD-AA3A-A13073454611}"
EndProject
Project("{FAE04EC0-301F-11D3-BF4B-00C04F79EFBC}") = "OddOrEven", "OddOrEven\OddOrEven.csproj", "{F9B545E8-F23D-4221-9A1C-41B12ED4110D}"
EndProject
Project("{FAE04EC0-301F-11D3-BF4B-00C04F79EFBC}") = "IfDayOfTheWeek", "IfDayOfTheWeek\IfDayOfTheWeek.csproj", "{84147874-BDFD-47B9-98EE-08917F39DEAE}"
EndProject
Project("{FAE04EC0-301F-11D3-BF4B-00C04F79EFBC}") = "SwitchDayOfTheWeek", "SwitchDayOfTheWeek\SwitchDayOfTheWeek.csproj", "{98168874-142B-4FF8-965A-E57C485C1BA2}"
EndProject
Global
	GlobalSection(SolutionConfigurationPlatforms) = preSolution
		Debug|Any CPU = Debug|Any CPU
		Release|Any CPU = Release|Any CPU
	EndGlobalSection
	GlobalSection(ProjectConfigurationPlatforms) = postSolution
		{61CD6950-094E-48BD-AA3A-A13073454611}.Debug|Any CPU.ActiveCfg = Debug|Any CPU
		{61CD6950-094E-48BD-AA3A-A13073454611}.Debug|Any CPU.Build.0 = Debug|Any CPU
		{61CD6950-094E-48BD-AA3A-A13073454611}.Release|Any CPU.ActiveCfg = Release|Any CPU
		{61CD6950-094E-48BD-AA3A-A13073454611}.Release|Any CPU.Build.0 = Release|Any CPU
		{F9B545E8-F23D-4221-9A1C-41B12ED4110D}.Debug|Any CPU.ActiveCfg = Debug|Any CPU
		{F9B545E8-F23D-4221-9A1C-41B12ED4110D}.Debug|Any CPU.Build.0 = Debug|Any CPU
		{F9B545E8-F23D-4221-9A1C-41B12ED4110D}.Release|Any CPU.ActiveCfg = Release|Any CPU
		{F9B545E8-F23D-4221-9A1C-41B12ED4110D}.Release|Any CPU.Build.0 = Release|Any CPU
		{84147874-BDFD-47B9-98EE-08917F39DEAE}.Debug|Any CPU.ActiveCfg = Debug|Any CPU
		{84147874-BDFD-47B9-98EE-08917F39DEAE}.Debug|Any CPU.Build.0 = Debug|Any CPU
		{84147874-BDFD-47B9-98EE-08917F39DEAE}.Release|Any CPU.ActiveCfg = Release|Any CPU
		{84147874-BDFD-47B9-98EE-08917F39DEAE}.Release|Any CPU.Build.0 = Release|Any CPU
		{98168874-142B-4FF8-965A-E57C485C1BA2}.Debug|Any CPU.ActiveCfg = Debug|Any CPU
		{98168874-142B-4FF8-965A-E57C485C1BA2}.Debug|Any CPU.Build.0 = Debug|Any CPU
		{98168874-142B-4FF8-965A-E57C485C1BA2}.Release|Any CPU.ActiveCfg = Release|Any CPU
		{98168874-142B-4FF8-965A-E57C485C1BA2}.Release|Any CPU.Build.0 = Release|Any CPU
	EndGlobalSection
	GlobalSection(SolutionProperties) = preSolution
		HideSolutionNode = FALSE
	EndGlobalSection
	GlobalSection(ExtensibilityGlobals) = postSolution
		SolutionGuid = {D5CE7711-4BF5-45F1-837E-33D1B0B56BA5}
	EndGlobalSection
EndGlobal
